// !$*UTF8*$!
{
	archiveVersion = 1;
	classes = {
	};
	objectVersion = 55;
	objects = {

/* Begin PBXBuildFile section */
		14375D5F2711FAEB00260DE9 /* Enum.swift in Sources */ = {isa = PBXBuildFile; fileRef = 14375D5E2711FAEB00260DE9 /* Enum.swift */; };
		14375D6127122BE600260DE9 /* HomeView.swift in Sources */ = {isa = PBXBuildFile; fileRef = 14375D6027122BE600260DE9 /* HomeView.swift */; };
		14375D6327122FAD00260DE9 /* FlexibleTagView.swift in Sources */ = {isa = PBXBuildFile; fileRef = 14375D6227122FAD00260DE9 /* FlexibleTagView.swift */; };
		14375D652712306100260DE9 /* _FlexibleView.swift in Sources */ = {isa = PBXBuildFile; fileRef = 14375D642712306100260DE9 /* _FlexibleView.swift */; };
		14375D67271230A600260DE9 /* SizeReader.swift in Sources */ = {isa = PBXBuildFile; fileRef = 14375D66271230A600260DE9 /* SizeReader.swift */; };
		14D6A597271073E400195697 /* DetailCombinationView.swift in Sources */ = {isa = PBXBuildFile; fileRef = 14D6A596271073E400195697 /* DetailCombinationView.swift */; };
		14D6A599271082BA00195697 /* AgreeButtonView.swift in Sources */ = {isa = PBXBuildFile; fileRef = 14D6A598271082BA00195697 /* AgreeButtonView.swift */; };
		14D6A59B2710B23C00195697 /* Data.swift in Sources */ = {isa = PBXBuildFile; fileRef = 14D6A59A2710B23C00195697 /* Data.swift */; };
		14FFE4D6270F88C300B1AA02 /* CrashChallenge4App.swift in Sources */ = {isa = PBXBuildFile; fileRef = 14FFE4D5270F88C300B1AA02 /* CrashChallenge4App.swift */; };
		14FFE4D8270F88C300B1AA02 /* ContentView.swift in Sources */ = {isa = PBXBuildFile; fileRef = 14FFE4D7270F88C300B1AA02 /* ContentView.swift */; };
		14FFE4DA270F88C600B1AA02 /* Assets.xcassets in Resources */ = {isa = PBXBuildFile; fileRef = 14FFE4D9270F88C600B1AA02 /* Assets.xcassets */; };
		14FFE4DD270F88C600B1AA02 /* Preview Assets.xcassets in Resources */ = {isa = PBXBuildFile; fileRef = 14FFE4DC270F88C600B1AA02 /* Preview Assets.xcassets */; };
		14FFE4E6270F8B4600B1AA02 /* TagView.swift in Sources */ = {isa = PBXBuildFile; fileRef = 14FFE4E5270F8B4600B1AA02 /* TagView.swift */; };
		14FFE4E9270F8D5E00B1AA02 /* DynamicTextModifier.swift in Sources */ = {isa = PBXBuildFile; fileRef = 14FFE4E8270F8D5E00B1AA02 /* DynamicTextModifier.swift */; };
		14FFE4EB270F912100B1AA02 /* TagModifier.swift in Sources */ = {isa = PBXBuildFile; fileRef = 14FFE4EA270F912100B1AA02 /* TagModifier.swift */; };
		14FFE4ED270F933B00B1AA02 /* CombinationButtonView.swift in Sources */ = {isa = PBXBuildFile; fileRef = 14FFE4EC270F933B00B1AA02 /* CombinationButtonView.swift */; };
		14FFE51A270F967F00B1AA02 /* PublicSans-Black.ttf in Resources */ = {isa = PBXBuildFile; fileRef = 14FFE508270F967D00B1AA02 /* PublicSans-Black.ttf */; };
		14FFE51B270F967F00B1AA02 /* PublicSans-Medium.ttf in Resources */ = {isa = PBXBuildFile; fileRef = 14FFE509270F967D00B1AA02 /* PublicSans-Medium.ttf */; };
		14FFE51C270F967F00B1AA02 /* PublicSans-SemiBold.ttf in Resources */ = {isa = PBXBuildFile; fileRef = 14FFE50A270F967D00B1AA02 /* PublicSans-SemiBold.ttf */; };
		14FFE51D270F967F00B1AA02 /* PublicSans-ExtraBoldItalic.ttf in Resources */ = {isa = PBXBuildFile; fileRef = 14FFE50B270F967E00B1AA02 /* PublicSans-ExtraBoldItalic.ttf */; };
		14FFE51E270F967F00B1AA02 /* PublicSans-ExtraBold.ttf in Resources */ = {isa = PBXBuildFile; fileRef = 14FFE50C270F967E00B1AA02 /* PublicSans-ExtraBold.ttf */; };
		14FFE51F270F967F00B1AA02 /* PublicSans-ThinItalic.ttf in Resources */ = {isa = PBXBuildFile; fileRef = 14FFE50D270F967E00B1AA02 /* PublicSans-ThinItalic.ttf */; };
		14FFE520270F967F00B1AA02 /* PublicSans-Thin.ttf in Resources */ = {isa = PBXBuildFile; fileRef = 14FFE50E270F967E00B1AA02 /* PublicSans-Thin.ttf */; };
		14FFE521270F967F00B1AA02 /* PublicSans-MediumItalic.ttf in Resources */ = {isa = PBXBuildFile; fileRef = 14FFE50F270F967E00B1AA02 /* PublicSans-MediumItalic.ttf */; };
		14FFE522270F967F00B1AA02 /* PublicSans-Regular.ttf in Resources */ = {isa = PBXBuildFile; fileRef = 14FFE510270F967E00B1AA02 /* PublicSans-Regular.ttf */; };
		14FFE523270F967F00B1AA02 /* PublicSans-SemiBoldItalic.ttf in Resources */ = {isa = PBXBuildFile; fileRef = 14FFE511270F967E00B1AA02 /* PublicSans-SemiBoldItalic.ttf */; };
		14FFE524270F967F00B1AA02 /* PublicSans-ExtraLightItalic.ttf in Resources */ = {isa = PBXBuildFile; fileRef = 14FFE512270F967E00B1AA02 /* PublicSans-ExtraLightItalic.ttf */; };
		14FFE525270F967F00B1AA02 /* PublicSans-Bold.ttf in Resources */ = {isa = PBXBuildFile; fileRef = 14FFE513270F967E00B1AA02 /* PublicSans-Bold.ttf */; };
		14FFE526270F967F00B1AA02 /* PublicSans-BlackItalic.ttf in Resources */ = {isa = PBXBuildFile; fileRef = 14FFE514270F967E00B1AA02 /* PublicSans-BlackItalic.ttf */; };
		14FFE527270F967F00B1AA02 /* PublicSans-Light.ttf in Resources */ = {isa = PBXBuildFile; fileRef = 14FFE515270F967E00B1AA02 /* PublicSans-Light.ttf */; };
		14FFE528270F967F00B1AA02 /* PublicSans-ExtraLight.ttf in Resources */ = {isa = PBXBuildFile; fileRef = 14FFE516270F967E00B1AA02 /* PublicSans-ExtraLight.ttf */; };
		14FFE529270F967F00B1AA02 /* PublicSans-LightItalic.ttf in Resources */ = {isa = PBXBuildFile; fileRef = 14FFE517270F967E00B1AA02 /* PublicSans-LightItalic.ttf */; };
		14FFE52A270F967F00B1AA02 /* PublicSans-BoldItalic.ttf in Resources */ = {isa = PBXBuildFile; fileRef = 14FFE518270F967E00B1AA02 /* PublicSans-BoldItalic.ttf */; };
		14FFE52B270F967F00B1AA02 /* PublicSans-Italic.ttf in Resources */ = {isa = PBXBuildFile; fileRef = 14FFE519270F967F00B1AA02 /* PublicSans-Italic.ttf */; };
		14FFE52F270F9A7100B1AA02 /* Extensions.swift in Sources */ = {isa = PBXBuildFile; fileRef = 14FFE52E270F9A7100B1AA02 /* Extensions.swift */; };
/* End PBXBuildFile section */

/* Begin PBXFileReference section */
		14375D5E2711FAEB00260DE9 /* Enum.swift */ = {isa = PBXFileReference; lastKnownFileType = sourcecode.swift; path = Enum.swift; sourceTree = "<group>"; };
		14375D6027122BE600260DE9 /* HomeView.swift */ = {isa = PBXFileReference; lastKnownFileType = sourcecode.swift; path = HomeView.swift; sourceTree = "<group>"; };
		14375D6227122FAD00260DE9 /* FlexibleTagView.swift */ = {isa = PBXFileReference; lastKnownFileType = sourcecode.swift; path = FlexibleTagView.swift; sourceTree = "<group>"; };
		14375D642712306100260DE9 /* _FlexibleView.swift */ = {isa = PBXFileReference; lastKnownFileType = sourcecode.swift; path = _FlexibleView.swift; sourceTree = "<group>"; };
		14375D66271230A600260DE9 /* SizeReader.swift */ = {isa = PBXFileReference; lastKnownFileType = sourcecode.swift; path = SizeReader.swift; sourceTree = "<group>"; };
		14D6A596271073E400195697 /* DetailCombinationView.swift */ = {isa = PBXFileReference; lastKnownFileType = sourcecode.swift; path = DetailCombinationView.swift; sourceTree = "<group>"; };
		14D6A598271082BA00195697 /* AgreeButtonView.swift */ = {isa = PBXFileReference; lastKnownFileType = sourcecode.swift; path = AgreeButtonView.swift; sourceTree = "<group>"; };
		14D6A59A2710B23C00195697 /* Data.swift */ = {isa = PBXFileReference; lastKnownFileType = sourcecode.swift; path = Data.swift; sourceTree = "<group>"; };
		14FFE4D2270F88C300B1AA02 /* CrashChallenge4.app */ = {isa = PBXFileReference; explicitFileType = wrapper.application; includeInIndex = 0; path = CrashChallenge4.app; sourceTree = BUILT_PRODUCTS_DIR; };
		14FFE4D5270F88C300B1AA02 /* CrashChallenge4App.swift */ = {isa = PBXFileReference; lastKnownFileType = sourcecode.swift; path = CrashChallenge4App.swift; sourceTree = "<group>"; };
		14FFE4D7270F88C300B1AA02 /* ContentView.swift */ = {isa = PBXFileReference; lastKnownFileType = sourcecode.swift; path = ContentView.swift; sourceTree = "<group>"; };
		14FFE4D9270F88C600B1AA02 /* Assets.xcassets */ = {isa = PBXFileReference; lastKnownFileType = folder.assetcatalog; path = Assets.xcassets; sourceTree = "<group>"; };
		14FFE4DC270F88C600B1AA02 /* Preview Assets.xcassets */ = {isa = PBXFileReference; lastKnownFileType = folder.assetcatalog; path = "Preview Assets.xcassets"; sourceTree = "<group>"; };
		14FFE4E5270F8B4600B1AA02 /* TagView.swift */ = {isa = PBXFileReference; lastKnownFileType = sourcecode.swift; path = TagView.swift; sourceTree = "<group>"; };
		14FFE4E8270F8D5E00B1AA02 /* DynamicTextModifier.swift */ = {isa = PBXFileReference; lastKnownFileType = sourcecode.swift; path = DynamicTextModifier.swift; sourceTree = "<group>"; };
		14FFE4EA270F912100B1AA02 /* TagModifier.swift */ = {isa = PBXFileReference; lastKnownFileType = sourcecode.swift; path = TagModifier.swift; sourceTree = "<group>"; };
		14FFE4EC270F933B00B1AA02 /* CombinationButtonView.swift */ = {isa = PBXFileReference; lastKnownFileType = sourcecode.swift; path = CombinationButtonView.swift; sourceTree = "<group>"; };
		14FFE507270F950000B1AA02 /* Info.plist */ = {isa = PBXFileReference; lastKnownFileType = text.plist; path = Info.plist; sourceTree = "<group>"; };
		14FFE508270F967D00B1AA02 /* PublicSans-Black.ttf */ = {isa = PBXFileReference; lastKnownFileType = file; path = "PublicSans-Black.ttf"; sourceTree = "<group>"; };
		14FFE509270F967D00B1AA02 /* PublicSans-Medium.ttf */ = {isa = PBXFileReference; lastKnownFileType = file; path = "PublicSans-Medium.ttf"; sourceTree = "<group>"; };
		14FFE50A270F967D00B1AA02 /* PublicSans-SemiBold.ttf */ = {isa = PBXFileReference; lastKnownFileType = file; path = "PublicSans-SemiBold.ttf"; sourceTree = "<group>"; };
		14FFE50B270F967E00B1AA02 /* PublicSans-ExtraBoldItalic.ttf */ = {isa = PBXFileReference; lastKnownFileType = file; path = "PublicSans-ExtraBoldItalic.ttf"; sourceTree = "<group>"; };
		14FFE50C270F967E00B1AA02 /* PublicSans-ExtraBold.ttf */ = {isa = PBXFileReference; lastKnownFileType = file; path = "PublicSans-ExtraBold.ttf"; sourceTree = "<group>"; };
		14FFE50D270F967E00B1AA02 /* PublicSans-ThinItalic.ttf */ = {isa = PBXFileReference; lastKnownFileType = file; path = "PublicSans-ThinItalic.ttf"; sourceTree = "<group>"; };
		14FFE50E270F967E00B1AA02 /* PublicSans-Thin.ttf */ = {isa = PBXFileReference; lastKnownFileType = file; path = "PublicSans-Thin.ttf"; sourceTree = "<group>"; };
		14FFE50F270F967E00B1AA02 /* PublicSans-MediumItalic.ttf */ = {isa = PBXFileReference; lastKnownFileType = file; path = "PublicSans-MediumItalic.ttf"; sourceTree = "<group>"; };
		14FFE510270F967E00B1AA02 /* PublicSans-Regular.ttf */ = {isa = PBXFileReference; lastKnownFileType = file; path = "PublicSans-Regular.ttf"; sourceTree = "<group>"; };
		14FFE511270F967E00B1AA02 /* PublicSans-SemiBoldItalic.ttf */ = {isa = PBXFileReference; lastKnownFileType = file; path = "PublicSans-SemiBoldItalic.ttf"; sourceTree = "<group>"; };
		14FFE512270F967E00B1AA02 /* PublicSans-ExtraLightItalic.ttf */ = {isa = PBXFileReference; lastKnownFileType = file; path = "PublicSans-ExtraLightItalic.ttf"; sourceTree = "<group>"; };
		14FFE513270F967E00B1AA02 /* PublicSans-Bold.ttf */ = {isa = PBXFileReference; lastKnownFileType = file; path = "PublicSans-Bold.ttf"; sourceTree = "<group>"; };
		14FFE514270F967E00B1AA02 /* PublicSans-BlackItalic.ttf */ = {isa = PBXFileReference; lastKnownFileType = file; path = "PublicSans-BlackItalic.ttf"; sourceTree = "<group>"; };
		14FFE515270F967E00B1AA02 /* PublicSans-Light.ttf */ = {isa = PBXFileReference; lastKnownFileType = file; path = "PublicSans-Light.ttf"; sourceTree = "<group>"; };
		14FFE516270F967E00B1AA02 /* PublicSans-ExtraLight.ttf */ = {isa = PBXFileReference; lastKnownFileType = file; path = "PublicSans-ExtraLight.ttf"; sourceTree = "<group>"; };
		14FFE517270F967E00B1AA02 /* PublicSans-LightItalic.ttf */ = {isa = PBXFileReference; lastKnownFileType = file; path = "PublicSans-LightItalic.ttf"; sourceTree = "<group>"; };
		14FFE518270F967E00B1AA02 /* PublicSans-BoldItalic.ttf */ = {isa = PBXFileReference; lastKnownFileType = file; path = "PublicSans-BoldItalic.ttf"; sourceTree = "<group>"; };
		14FFE519270F967F00B1AA02 /* PublicSans-Italic.ttf */ = {isa = PBXFileReference; lastKnownFileType = file; path = "PublicSans-Italic.ttf"; sourceTree = "<group>"; };
		14FFE52E270F9A7100B1AA02 /* Extensions.swift */ = {isa = PBXFileReference; lastKnownFileType = sourcecode.swift; path = Extensions.swift; sourceTree = "<group>"; };
/* End PBXFileReference section */

/* Begin PBXFrameworksBuildPhase section */
		14FFE4CF270F88C300B1AA02 /* Frameworks */ = {
			isa = PBXFrameworksBuildPhase;
			buildActionMask = 2147483647;
			files = (
			);
			runOnlyForDeploymentPostprocessing = 0;
		};
/* End PBXFrameworksBuildPhase section */

/* Begin PBXGroup section */
		14FFE4C9270F88C300B1AA02 = {
			isa = PBXGroup;
			children = (
				14FFE4D4270F88C300B1AA02 /* CrashChallenge4 */,
				14FFE4D3270F88C300B1AA02 /* Products */,
			);
			sourceTree = "<group>";
		};
		14FFE4D3270F88C300B1AA02 /* Products */ = {
			isa = PBXGroup;
			children = (
				14FFE4D2270F88C300B1AA02 /* CrashChallenge4.app */,
			);
			name = Products;
			sourceTree = "<group>";
		};
		14FFE4D4270F88C300B1AA02 /* CrashChallenge4 */ = {
			isa = PBXGroup;
			children = (
				14FFE507270F950000B1AA02 /* Info.plist */,
				14FFE4EE270F946100B1AA02 /* Fonts */,
				14FFE4E7270F8D4700B1AA02 /* CustomViewsModifiers */,
				14FFE4E4270F8AED00B1AA02 /* Views */,
				14FFE4E3270F8AE600B1AA02 /* Models */,
				14FFE4D5270F88C300B1AA02 /* CrashChallenge4App.swift */,
				14FFE4D7270F88C300B1AA02 /* ContentView.swift */,
				14FFE4D9270F88C600B1AA02 /* Assets.xcassets */,
				14FFE4DB270F88C600B1AA02 /* Preview Content */,
				14FFE52E270F9A7100B1AA02 /* Extensions.swift */,
			);
			path = CrashChallenge4;
			sourceTree = "<group>";
		};
		14FFE4DB270F88C600B1AA02 /* Preview Content */ = {
			isa = PBXGroup;
			children = (
				14FFE4DC270F88C600B1AA02 /* Preview Assets.xcassets */,
			);
			path = "Preview Content";
			sourceTree = "<group>";
		};
		14FFE4E3270F8AE600B1AA02 /* Models */ = {
			isa = PBXGroup;
			children = (
				14D6A59A2710B23C00195697 /* Data.swift */,
				14375D5E2711FAEB00260DE9 /* Enum.swift */,
			);
			path = Models;
			sourceTree = "<group>";
		};
		14FFE4E4270F8AED00B1AA02 /* Views */ = {
			isa = PBXGroup;
			children = (
				14375D6027122BE600260DE9 /* HomeView.swift */,
				14FFE4E5270F8B4600B1AA02 /* TagView.swift */,
				14FFE4EC270F933B00B1AA02 /* CombinationButtonView.swift */,
				14D6A596271073E400195697 /* DetailCombinationView.swift */,
				14D6A598271082BA00195697 /* AgreeButtonView.swift */,
				14375D6227122FAD00260DE9 /* FlexibleTagView.swift */,
				14375D642712306100260DE9 /* _FlexibleView.swift */,
				14375D66271230A600260DE9 /* SizeReader.swift */,
			);
			path = Views;
			sourceTree = "<group>";
		};
		14FFE4E7270F8D4700B1AA02 /* CustomViewsModifiers */ = {
			isa = PBXGroup;
			children = (
				14FFE4E8270F8D5E00B1AA02 /* DynamicTextModifier.swift */,
				14FFE4EA270F912100B1AA02 /* TagModifier.swift */,
			);
			path = CustomViewsModifiers;
			sourceTree = "<group>";
		};
		14FFE4EE270F946100B1AA02 /* Fonts */ = {
			isa = PBXGroup;
			children = (
				14FFE508270F967D00B1AA02 /* PublicSans-Black.ttf */,
				14FFE514270F967E00B1AA02 /* PublicSans-BlackItalic.ttf */,
				14FFE513270F967E00B1AA02 /* PublicSans-Bold.ttf */,
				14FFE518270F967E00B1AA02 /* PublicSans-BoldItalic.ttf */,
				14FFE50C270F967E00B1AA02 /* PublicSans-ExtraBold.ttf */,
				14FFE50B270F967E00B1AA02 /* PublicSans-ExtraBoldItalic.ttf */,
				14FFE516270F967E00B1AA02 /* PublicSans-ExtraLight.ttf */,
				14FFE512270F967E00B1AA02 /* PublicSans-ExtraLightItalic.ttf */,
				14FFE519270F967F00B1AA02 /* PublicSans-Italic.ttf */,
				14FFE515270F967E00B1AA02 /* PublicSans-Light.ttf */,
				14FFE517270F967E00B1AA02 /* PublicSans-LightItalic.ttf */,
				14FFE509270F967D00B1AA02 /* PublicSans-Medium.ttf */,
				14FFE50F270F967E00B1AA02 /* PublicSans-MediumItalic.ttf */,
				14FFE510270F967E00B1AA02 /* PublicSans-Regular.ttf */,
				14FFE50A270F967D00B1AA02 /* PublicSans-SemiBold.ttf */,
				14FFE511270F967E00B1AA02 /* PublicSans-SemiBoldItalic.ttf */,
				14FFE50E270F967E00B1AA02 /* PublicSans-Thin.ttf */,
				14FFE50D270F967E00B1AA02 /* PublicSans-ThinItalic.ttf */,
			);
			path = Fonts;
			sourceTree = "<group>";
		};
/* End PBXGroup section */

/* Begin PBXNativeTarget section */
		14FFE4D1270F88C300B1AA02 /* CrashChallenge4 */ = {
			isa = PBXNativeTarget;
			buildConfigurationList = 14FFE4E0270F88C600B1AA02 /* Build configuration list for PBXNativeTarget "CrashChallenge4" */;
			buildPhases = (
				14FFE4CE270F88C300B1AA02 /* Sources */,
				14FFE4CF270F88C300B1AA02 /* Frameworks */,
				14FFE4D0270F88C300B1AA02 /* Resources */,
			);
			buildRules = (
			);
			dependencies = (
			);
			name = CrashChallenge4;
			productName = CrashChallenge4;
			productReference = 14FFE4D2270F88C300B1AA02 /* CrashChallenge4.app */;
			productType = "com.apple.product-type.application";
		};
/* End PBXNativeTarget section */

/* Begin PBXProject section */
		14FFE4CA270F88C300B1AA02 /* Project object */ = {
			isa = PBXProject;
			attributes = {
				BuildIndependentTargetsInParallel = 1;
				LastSwiftUpdateCheck = 1300;
				LastUpgradeCheck = 1300;
				TargetAttributes = {
					14FFE4D1270F88C300B1AA02 = {
						CreatedOnToolsVersion = 13.0;
					};
				};
			};
			buildConfigurationList = 14FFE4CD270F88C300B1AA02 /* Build configuration list for PBXProject "CrashChallenge4" */;
			compatibilityVersion = "Xcode 13.0";
			developmentRegion = en;
			hasScannedForEncodings = 0;
			knownRegions = (
				en,
				Base,
			);
			mainGroup = 14FFE4C9270F88C300B1AA02;
			productRefGroup = 14FFE4D3270F88C300B1AA02 /* Products */;
			projectDirPath = "";
			projectRoot = "";
			targets = (
				14FFE4D1270F88C300B1AA02 /* CrashChallenge4 */,
			);
		};
/* End PBXProject section */

/* Begin PBXResourcesBuildPhase section */
		14FFE4D0270F88C300B1AA02 /* Resources */ = {
			isa = PBXResourcesBuildPhase;
			buildActionMask = 2147483647;
			files = (
				14FFE51E270F967F00B1AA02 /* PublicSans-ExtraBold.ttf in Resources */,
				14FFE4DD270F88C600B1AA02 /* Preview Assets.xcassets in Resources */,
				14FFE522270F967F00B1AA02 /* PublicSans-Regular.ttf in Resources */,
				14FFE525270F967F00B1AA02 /* PublicSans-Bold.ttf in Resources */,
				14FFE51C270F967F00B1AA02 /* PublicSans-SemiBold.ttf in Resources */,
				14FFE52A270F967F00B1AA02 /* PublicSans-BoldItalic.ttf in Resources */,
				14FFE51A270F967F00B1AA02 /* PublicSans-Black.ttf in Resources */,
				14FFE4DA270F88C600B1AA02 /* Assets.xcassets in Resources */,
				14FFE529270F967F00B1AA02 /* PublicSans-LightItalic.ttf in Resources */,
				14FFE521270F967F00B1AA02 /* PublicSans-MediumItalic.ttf in Resources */,
				14FFE51D270F967F00B1AA02 /* PublicSans-ExtraBoldItalic.ttf in Resources */,
				14FFE527270F967F00B1AA02 /* PublicSans-Light.ttf in Resources */,
				14FFE52B270F967F00B1AA02 /* PublicSans-Italic.ttf in Resources */,
				14FFE528270F967F00B1AA02 /* PublicSans-ExtraLight.ttf in Resources */,
				14FFE51B270F967F00B1AA02 /* PublicSans-Medium.ttf in Resources */,
				14FFE51F270F967F00B1AA02 /* PublicSans-ThinItalic.ttf in Resources */,
				14FFE524270F967F00B1AA02 /* PublicSans-ExtraLightItalic.ttf in Resources */,
				14FFE520270F967F00B1AA02 /* PublicSans-Thin.ttf in Resources */,
				14FFE526270F967F00B1AA02 /* PublicSans-BlackItalic.ttf in Resources */,
				14FFE523270F967F00B1AA02 /* PublicSans-SemiBoldItalic.ttf in Resources */,
			);
			runOnlyForDeploymentPostprocessing = 0;
		};
/* End PBXResourcesBuildPhase section */

/* Begin PBXSourcesBuildPhase section */
		14FFE4CE270F88C300B1AA02 /* Sources */ = {
			isa = PBXSourcesBuildPhase;
			buildActionMask = 2147483647;
			files = (
				14FFE4EB270F912100B1AA02 /* TagModifier.swift in Sources */,
				14D6A59B2710B23C00195697 /* Data.swift in Sources */,
				14375D6127122BE600260DE9 /* HomeView.swift in Sources */,
				14375D5F2711FAEB00260DE9 /* Enum.swift in Sources */,
				14FFE4D8270F88C300B1AA02 /* ContentView.swift in Sources */,
				14FFE4ED270F933B00B1AA02 /* CombinationButtonView.swift in Sources */,
				14FFE4E9270F8D5E00B1AA02 /* DynamicTextModifier.swift in Sources */,
				14FFE4D6270F88C300B1AA02 /* CrashChallenge4App.swift in Sources */,
				14D6A599271082BA00195697 /* AgreeButtonView.swift in Sources */,
				14375D67271230A600260DE9 /* SizeReader.swift in Sources */,
				14FFE4E6270F8B4600B1AA02 /* TagView.swift in Sources */,
				14375D6327122FAD00260DE9 /* FlexibleTagView.swift in Sources */,
				14FFE52F270F9A7100B1AA02 /* Extensions.swift in Sources */,
				14D6A597271073E400195697 /* DetailCombinationView.swift in Sources */,
				14375D652712306100260DE9 /* _FlexibleView.swift in Sources */,
			);
			runOnlyForDeploymentPostprocessing = 0;
		};
/* End PBXSourcesBuildPhase section */

/* Begin XCBuildConfiguration section */
		14FFE4DE270F88C600B1AA02 /* Debug */ = {
			isa = XCBuildConfiguration;
			buildSettings = {
				ALWAYS_SEARCH_USER_PATHS = NO;
				CLANG_ANALYZER_NONNULL = YES;
				CLANG_ANALYZER_NUMBER_OBJECT_CONVERSION = YES_AGGRESSIVE;
				CLANG_CXX_LANGUAGE_STANDARD = "gnu++17";
				CLANG_CXX_LIBRARY = "libc++";
				CLANG_ENABLE_MODULES = YES;
				CLANG_ENABLE_OBJC_ARC = YES;
				CLANG_ENABLE_OBJC_WEAK = YES;
				CLANG_WARN_BLOCK_CAPTURE_AUTORELEASING = YES;
				CLANG_WARN_BOOL_CONVERSION = YES;
				CLANG_WARN_COMMA = YES;
				CLANG_WARN_CONSTANT_CONVERSION = YES;
				CLANG_WARN_DEPRECATED_OBJC_IMPLEMENTATIONS = YES;
				CLANG_WARN_DIRECT_OBJC_ISA_USAGE = YES_ERROR;
				CLANG_WARN_DOCUMENTATION_COMMENTS = YES;
				CLANG_WARN_EMPTY_BODY = YES;
				CLANG_WARN_ENUM_CONVERSION = YES;
				CLANG_WARN_INFINITE_RECURSION = YES;
				CLANG_WARN_INT_CONVERSION = YES;
				CLANG_WARN_NON_LITERAL_NULL_CONVERSION = YES;
				CLANG_WARN_OBJC_IMPLICIT_RETAIN_SELF = YES;
				CLANG_WARN_OBJC_LITERAL_CONVERSION = YES;
				CLANG_WARN_OBJC_ROOT_CLASS = YES_ERROR;
				CLANG_WARN_QUOTED_INCLUDE_IN_FRAMEWORK_HEADER = YES;
				CLANG_WARN_RANGE_LOOP_ANALYSIS = YES;
				CLANG_WARN_STRICT_PROTOTYPES = YES;
				CLANG_WARN_SUSPICIOUS_MOVE = YES;
				CLANG_WARN_UNGUARDED_AVAILABILITY = YES_AGGRESSIVE;
				CLANG_WARN_UNREACHABLE_CODE = YES;
				CLANG_WARN__DUPLICATE_METHOD_MATCH = YES;
				COPY_PHASE_STRIP = NO;
				DEBUG_INFORMATION_FORMAT = dwarf;
				ENABLE_STRICT_OBJC_MSGSEND = YES;
				ENABLE_TESTABILITY = YES;
				GCC_C_LANGUAGE_STANDARD = gnu11;
				GCC_DYNAMIC_NO_PIC = NO;
				GCC_NO_COMMON_BLOCKS = YES;
				GCC_OPTIMIZATION_LEVEL = 0;
				GCC_PREPROCESSOR_DEFINITIONS = (
					"DEBUG=1",
					"$(inherited)",
				);
				GCC_WARN_64_TO_32_BIT_CONVERSION = YES;
				GCC_WARN_ABOUT_RETURN_TYPE = YES_ERROR;
				GCC_WARN_UNDECLARED_SELECTOR = YES;
				GCC_WARN_UNINITIALIZED_AUTOS = YES_AGGRESSIVE;
				GCC_WARN_UNUSED_FUNCTION = YES;
				GCC_WARN_UNUSED_VARIABLE = YES;
				IPHONEOS_DEPLOYMENT_TARGET = 15.0;
				MTL_ENABLE_DEBUG_INFO = INCLUDE_SOURCE;
				MTL_FAST_MATH = YES;
				ONLY_ACTIVE_ARCH = YES;
				SDKROOT = iphoneos;
				SWIFT_ACTIVE_COMPILATION_CONDITIONS = DEBUG;
				SWIFT_OPTIMIZATION_LEVEL = "-Onone";
			};
			name = Debug;
		};
		14FFE4DF270F88C600B1AA02 /* Release */ = {
			isa = XCBuildConfiguration;
			buildSettings = {
				ALWAYS_SEARCH_USER_PATHS = NO;
				CLANG_ANALYZER_NONNULL = YES;
				CLANG_ANALYZER_NUMBER_OBJECT_CONVERSION = YES_AGGRESSIVE;
				CLANG_CXX_LANGUAGE_STANDARD = "gnu++17";
				CLANG_CXX_LIBRARY = "libc++";
				CLANG_ENABLE_MODULES = YES;
				CLANG_ENABLE_OBJC_ARC = YES;
				CLANG_ENABLE_OBJC_WEAK = YES;
				CLANG_WARN_BLOCK_CAPTURE_AUTORELEASING = YES;
				CLANG_WARN_BOOL_CONVERSION = YES;
				CLANG_WARN_COMMA = YES;
				CLANG_WARN_CONSTANT_CONVERSION = YES;
				CLANG_WARN_DEPRECATED_OBJC_IMPLEMENTATIONS = YES;
				CLANG_WARN_DIRECT_OBJC_ISA_USAGE = YES_ERROR;
				CLANG_WARN_DOCUMENTATION_COMMENTS = YES;
				CLANG_WARN_EMPTY_BODY = YES;
				CLANG_WARN_ENUM_CONVERSION = YES;
				CLANG_WARN_INFINITE_RECURSION = YES;
				CLANG_WARN_INT_CONVERSION = YES;
				CLANG_WARN_NON_LITERAL_NULL_CONVERSION = YES;
				CLANG_WARN_OBJC_IMPLICIT_RETAIN_SELF = YES;
				CLANG_WARN_OBJC_LITERAL_CONVERSION = YES;
				CLANG_WARN_OBJC_ROOT_CLASS = YES_ERROR;
				CLANG_WARN_QUOTED_INCLUDE_IN_FRAMEWORK_HEADER = YES;
				CLANG_WARN_RANGE_LOOP_ANALYSIS = YES;
				CLANG_WARN_STRICT_PROTOTYPES = YES;
				CLANG_WARN_SUSPICIOUS_MOVE = YES;
				CLANG_WARN_UNGUARDED_AVAILABILITY = YES_AGGRESSIVE;
				CLANG_WARN_UNREACHABLE_CODE = YES;
				CLANG_WARN__DUPLICATE_METHOD_MATCH = YES;
				COPY_PHASE_STRIP = NO;
				DEBUG_INFORMATION_FORMAT = "dwarf-with-dsym";
				ENABLE_NS_ASSERTIONS = NO;
				ENABLE_STRICT_OBJC_MSGSEND = YES;
				GCC_C_LANGUAGE_STANDARD = gnu11;
				GCC_NO_COMMON_BLOCKS = YES;
				GCC_WARN_64_TO_32_BIT_CONVERSION = YES;
				GCC_WARN_ABOUT_RETURN_TYPE = YES_ERROR;
				GCC_WARN_UNDECLARED_SELECTOR = YES;
				GCC_WARN_UNINITIALIZED_AUTOS = YES_AGGRESSIVE;
				GCC_WARN_UNUSED_FUNCTION = YES;
				GCC_WARN_UNUSED_VARIABLE = YES;
				IPHONEOS_DEPLOYMENT_TARGET = 15.0;
				MTL_ENABLE_DEBUG_INFO = NO;
				MTL_FAST_MATH = YES;
				SDKROOT = iphoneos;
				SWIFT_COMPILATION_MODE = wholemodule;
				SWIFT_OPTIMIZATION_LEVEL = "-O";
				VALIDATE_PRODUCT = YES;
			};
			name = Release;
		};
		14FFE4E1270F88C600B1AA02 /* Debug */ = {
			isa = XCBuildConfiguration;
			buildSettings = {
				ASSETCATALOG_COMPILER_APPICON_NAME = AppIcon;
				ASSETCATALOG_COMPILER_GLOBAL_ACCENT_COLOR_NAME = AccentColor;
				CODE_SIGN_STYLE = Automatic;
				CURRENT_PROJECT_VERSION = 1;
				DEVELOPMENT_ASSET_PATHS = "\"CrashChallenge4/Preview Content\"";
				DEVELOPMENT_TEAM = 4957F54262;
				ENABLE_PREVIEWS = YES;
				GENERATE_INFOPLIST_FILE = YES;
				INFOPLIST_FILE = CrashChallenge4/Info.plist;
				INFOPLIST_KEY_UIApplicationSceneManifest_Generation = YES;
				INFOPLIST_KEY_UIApplicationSupportsIndirectInputEvents = YES;
				INFOPLIST_KEY_UILaunchScreen_Generation = YES;
				INFOPLIST_KEY_UISupportedInterfaceOrientations_iPad = "UIInterfaceOrientationPortrait UIInterfaceOrientationPortraitUpsideDown UIInterfaceOrientationLandscapeLeft UIInterfaceOrientationLandscapeRight";
				INFOPLIST_KEY_UISupportedInterfaceOrientations_iPhone = "UIInterfaceOrientationPortrait UIInterfaceOrientationLandscapeLeft UIInterfaceOrientationLandscapeRight";
				IPHONEOS_DEPLOYMENT_TARGET = 14.0;
				LD_RUNPATH_SEARCH_PATHS = (
					"$(inherited)",
					"@executable_path/Frameworks",
				);
				MARKETING_VERSION = 1.0;
				PRODUCT_BUNDLE_IDENTIFIER = Eros.learning.2021.CrashChallenge4;
				PRODUCT_NAME = "$(TARGET_NAME)";
				SWIFT_EMIT_LOC_STRINGS = YES;
				SWIFT_VERSION = 5.0;
				TARGETED_DEVICE_FAMILY = "1,2";
			};
			name = Debug;
		};
		14FFE4E2270F88C600B1AA02 /* Release */ = {
			isa = XCBuildConfiguration;
			buildSettings = {
				ASSETCATALOG_COMPILER_APPICON_NAME = AppIcon;
				ASSETCATALOG_COMPILER_GLOBAL_ACCENT_COLOR_NAME = AccentColor;
				CODE_SIGN_STYLE = Automatic;
				CURRENT_PROJECT_VERSION = 1;
				DEVELOPMENT_ASSET_PATHS = "\"CrashChallenge4/Preview Content\"";
				DEVELOPMENT_TEAM = 4957F54262;
				ENABLE_PREVIEWS = YES;
				GENERATE_INFOPLIST_FILE = YES;
				INFOPLIST_FILE = CrashChallenge4/Info.plist;
				INFOPLIST_KEY_UIApplicationSceneManifest_Generation = YES;
				INFOPLIST_KEY_UIApplicationSupportsIndirectInputEvents = YES;
				INFOPLIST_KEY_UILaunchScreen_Generation = YES;
				INFOPLIST_KEY_UISupportedInterfaceOrientations_iPad = "UIInterfaceOrientationPortrait UIInterfaceOrientationPortraitUpsideDown UIInterfaceOrientationLandscapeLeft UIInterfaceOrientationLandscapeRight";
				INFOPLIST_KEY_UISupportedInterfaceOrientations_iPhone = "UIInterfaceOrientationPortrait UIInterfaceOrientationLandscapeLeft UIInterfaceOrientationLandscapeRight";
				IPHONEOS_DEPLOYMENT_TARGET = 14.0;
				LD_RUNPATH_SEARCH_PATHS = (
					"$(inherited)",
					"@executable_path/Frameworks",
				);
				MARKETING_VERSION = 1.0;
				PRODUCT_BUNDLE_IDENTIFIER = Eros.learning.2021.CrashChallenge4;
				PRODUCT_NAME = "$(TARGET_NAME)";
				SWIFT_EMIT_LOC_STRINGS = YES;
				SWIFT_VERSION = 5.0;
				TARGETED_DEVICE_FAMILY = "1,2";
			};
			name = Release;
		};
/* End XCBuildConfiguration section */

/* Begin XCConfigurationList section */
		14FFE4CD270F88C300B1AA02 /* Build configuration list for PBXProject "CrashChallenge4" */ = {
			isa = XCConfigurationList;
			buildConfigurations = (
				14FFE4DE270F88C600B1AA02 /* Debug */,
				14FFE4DF270F88C600B1AA02 /* Release */,
			);
			defaultConfigurationIsVisible = 0;
			defaultConfigurationName = Release;
		};
		14FFE4E0270F88C600B1AA02 /* Build configuration list for PBXNativeTarget "CrashChallenge4" */ = {
			isa = XCConfigurationList;
			buildConfigurations = (
				14FFE4E1270F88C600B1AA02 /* Debug */,
				14FFE4E2270F88C600B1AA02 /* Release */,
			);
			defaultConfigurationIsVisible = 0;
			defaultConfigurationName = Release;
		};
/* End XCConfigurationList section */
	};
	rootObject = 14FFE4CA270F88C300B1AA02 /* Project object */;
}
