// !$*UTF8*$!
{
	archiveVersion = 1;
	classes = {
	};
	objectVersion = 55;
	objects = {

/* Begin PBXBuildFile section */
		140E06732715D30F007B9022 /* InteractionModel.swift in Sources */ = {isa = PBXBuildFile; fileRef = 140E06722715D30F007B9022 /* InteractionModel.swift */; };
		14126BF8275FE539009ADEC7 /* Assets.swift in Sources */ = {isa = PBXBuildFile; fileRef = 14126BF7275FE539009ADEC7 /* Assets.swift */; };
		142EEA04275FF61500F9C553 /* HomeViewModel.swift in Sources */ = {isa = PBXBuildFile; fileRef = 142EEA03275FF61500F9C553 /* HomeViewModel.swift */; };
		142EEA07275FF77F00F9C553 /* AppDelegate.swift in Sources */ = {isa = PBXBuildFile; fileRef = 142EEA06275FF77F00F9C553 /* AppDelegate.swift */; };
		14375D5F2711FAEB00260DE9 /* Enum.swift in Sources */ = {isa = PBXBuildFile; fileRef = 14375D5E2711FAEB00260DE9 /* Enum.swift */; };
		14375D6127122BE600260DE9 /* HomeView.swift in Sources */ = {isa = PBXBuildFile; fileRef = 14375D6027122BE600260DE9 /* HomeView.swift */; };
		14375D6327122FAD00260DE9 /* FlexibleTagView.swift in Sources */ = {isa = PBXBuildFile; fileRef = 14375D6227122FAD00260DE9 /* FlexibleTagView.swift */; };
		14375D652712306100260DE9 /* AFlexibleView.swift in Sources */ = {isa = PBXBuildFile; fileRef = 14375D642712306100260DE9 /* AFlexibleView.swift */; };
		14375D67271230A600260DE9 /* SizeReader.swift in Sources */ = {isa = PBXBuildFile; fileRef = 14375D66271230A600260DE9 /* SizeReader.swift */; };
		1447835427600B800025C1B1 /* LayoutMetrics.swift in Sources */ = {isa = PBXBuildFile; fileRef = 1447835327600B800025C1B1 /* LayoutMetrics.swift */; };
		144C9DEB275F8A5A00E8C91C /* Fonts.swift in Sources */ = {isa = PBXBuildFile; fileRef = 144C9DEA275F8A5A00E8C91C /* Fonts.swift */; };
		14812AAF27133683000C298D /* JSONInteractionViewModel.swift in Sources */ = {isa = PBXBuildFile; fileRef = 14812AAE27133683000C298D /* JSONInteractionViewModel.swift */; };
		148D76F9275E607100BF772E /* Localizable.strings in Resources */ = {isa = PBXBuildFile; fileRef = 148D76F7275E607100BF772E /* Localizable.strings */; };
		148D76FF275E615F00BF772E /* Localizable.swift in Sources */ = {isa = PBXBuildFile; fileRef = 148D76FE275E615F00BF772E /* Localizable.swift */; };
		14CB230F2760470300833087 /* Style.swift in Sources */ = {isa = PBXBuildFile; fileRef = 14CB230E2760470300833087 /* Style.swift */; };
		14D6A597271073E400195697 /* DetailCombinationView.swift in Sources */ = {isa = PBXBuildFile; fileRef = 14D6A596271073E400195697 /* DetailCombinationView.swift */; };
		14FFE4D6270F88C300B1AA02 /* AppLauncher.swift in Sources */ = {isa = PBXBuildFile; fileRef = 14FFE4D5270F88C300B1AA02 /* AppLauncher.swift */; };
		14FFE4D8270F88C300B1AA02 /* Application.swift in Sources */ = {isa = PBXBuildFile; fileRef = 14FFE4D7270F88C300B1AA02 /* Application.swift */; };
		14FFE4DA270F88C600B1AA02 /* Assets.xcassets in Resources */ = {isa = PBXBuildFile; fileRef = 14FFE4D9270F88C600B1AA02 /* Assets.xcassets */; };
		14FFE4DD270F88C600B1AA02 /* Preview Assets.xcassets in Resources */ = {isa = PBXBuildFile; fileRef = 14FFE4DC270F88C600B1AA02 /* Preview Assets.xcassets */; };
		14FFE4E6270F8B4600B1AA02 /* TagView.swift in Sources */ = {isa = PBXBuildFile; fileRef = 14FFE4E5270F8B4600B1AA02 /* TagView.swift */; };
		14FFE4EB270F912100B1AA02 /* TagModifier.swift in Sources */ = {isa = PBXBuildFile; fileRef = 14FFE4EA270F912100B1AA02 /* TagModifier.swift */; };
		14FFE4ED270F933B00B1AA02 /* CombinationButtonView.swift in Sources */ = {isa = PBXBuildFile; fileRef = 14FFE4EC270F933B00B1AA02 /* CombinationButtonView.swift */; };
		14FFE51A270F967F00B1AA02 /* PublicSans-Black.ttf in Resources */ = {isa = PBXBuildFile; fileRef = 14FFE508270F967D00B1AA02 /* PublicSans-Black.ttf */; };
		14FFE51B270F967F00B1AA02 /* PublicSans-Medium.ttf in Resources */ = {isa = PBXBuildFile; fileRef = 14FFE509270F967D00B1AA02 /* PublicSans-Medium.ttf */; };
		14FFE51C270F967F00B1AA02 /* PublicSans-SemiBold.ttf in Resources */ = {isa = PBXBuildFile; fileRef = 14FFE50A270F967D00B1AA02 /* PublicSans-SemiBold.ttf */; };
		14FFE51D270F967F00B1AA02 /* PublicSans-ExtraBoldItalic.ttf in Resources */ = {isa = PBXBuildFile; fileRef = 14FFE50B270F967E00B1AA02 /* PublicSans-ExtraBoldItalic.ttf */; };
		14FFE51E270F967F00B1AA02 /* PublicSans-ExtraBold.ttf in Resources */ = {isa = PBXBuildFile; fileRef = 14FFE50C270F967E00B1AA02 /* PublicSans-ExtraBold.ttf */; };
		14FFE51F270F967F00B1AA02 /* PublicSans-ThinItalic.ttf in Resources */ = {isa = PBXBuildFile; fileRef = 14FFE50D270F967E00B1AA02 /* PublicSans-ThinItalic.ttf */; };
		14FFE520270F967F00B1AA02 /* PublicSans-Thin.ttf in Resources */ = {isa = PBXBuildFile; fileRef = 14FFE50E270F967E00B1AA02 /* PublicSans-Thin.ttf */; };
		14FFE521270F967F00B1AA02 /* PublicSans-MediumItalic.ttf in Resources */ = {isa = PBXBuildFile; fileRef = 14FFE50F270F967E00B1AA02 /* PublicSans-MediumItalic.ttf */; };
		14FFE522270F967F00B1AA02 /* PublicSans-Regular.ttf in Resources */ = {isa = PBXBuildFile; fileRef = 14FFE510270F967E00B1AA02 /* PublicSans-Regular.ttf */; };
		14FFE523270F967F00B1AA02 /* PublicSans-SemiBoldItalic.ttf in Resources */ = {isa = PBXBuildFile; fileRef = 14FFE511270F967E00B1AA02 /* PublicSans-SemiBoldItalic.ttf */; };
		14FFE524270F967F00B1AA02 /* PublicSans-ExtraLightItalic.ttf in Resources */ = {isa = PBXBuildFile; fileRef = 14FFE512270F967E00B1AA02 /* PublicSans-ExtraLightItalic.ttf */; };
		14FFE525270F967F00B1AA02 /* PublicSans-Bold.ttf in Resources */ = {isa = PBXBuildFile; fileRef = 14FFE513270F967E00B1AA02 /* PublicSans-Bold.ttf */; };
		14FFE526270F967F00B1AA02 /* PublicSans-BlackItalic.ttf in Resources */ = {isa = PBXBuildFile; fileRef = 14FFE514270F967E00B1AA02 /* PublicSans-BlackItalic.ttf */; };
		14FFE527270F967F00B1AA02 /* PublicSans-Light.ttf in Resources */ = {isa = PBXBuildFile; fileRef = 14FFE515270F967E00B1AA02 /* PublicSans-Light.ttf */; };
		14FFE528270F967F00B1AA02 /* PublicSans-ExtraLight.ttf in Resources */ = {isa = PBXBuildFile; fileRef = 14FFE516270F967E00B1AA02 /* PublicSans-ExtraLight.ttf */; };
		14FFE529270F967F00B1AA02 /* PublicSans-LightItalic.ttf in Resources */ = {isa = PBXBuildFile; fileRef = 14FFE517270F967E00B1AA02 /* PublicSans-LightItalic.ttf */; };
		14FFE52A270F967F00B1AA02 /* PublicSans-BoldItalic.ttf in Resources */ = {isa = PBXBuildFile; fileRef = 14FFE518270F967E00B1AA02 /* PublicSans-BoldItalic.ttf */; };
		14FFE52B270F967F00B1AA02 /* PublicSans-Italic.ttf in Resources */ = {isa = PBXBuildFile; fileRef = 14FFE519270F967F00B1AA02 /* PublicSans-Italic.ttf */; };
		14FFE52F270F9A7100B1AA02 /* Extensions.swift in Sources */ = {isa = PBXBuildFile; fileRef = 14FFE52E270F9A7100B1AA02 /* Extensions.swift */; };
		394CF7656F87F0C654CCE80D /* Pods_TripCheck.framework in Frameworks */ = {isa = PBXBuildFile; fileRef = 9D7657CFF33EBA8A16CBDFF9 /* Pods_TripCheck.framework */; };
/* End PBXBuildFile section */

/* Begin PBXFileReference section */
		140E06722715D30F007B9022 /* InteractionModel.swift */ = {isa = PBXFileReference; fileEncoding = 4; lastKnownFileType = sourcecode.swift; path = InteractionModel.swift; sourceTree = "<group>"; };
		14126BF7275FE539009ADEC7 /* Assets.swift */ = {isa = PBXFileReference; lastKnownFileType = sourcecode.swift; path = Assets.swift; sourceTree = "<group>"; };
		142EEA03275FF61500F9C553 /* HomeViewModel.swift */ = {isa = PBXFileReference; lastKnownFileType = sourcecode.swift; path = HomeViewModel.swift; sourceTree = "<group>"; };
		142EEA06275FF77F00F9C553 /* AppDelegate.swift */ = {isa = PBXFileReference; lastKnownFileType = sourcecode.swift; path = AppDelegate.swift; sourceTree = "<group>"; };
		14375D5E2711FAEB00260DE9 /* Enum.swift */ = {isa = PBXFileReference; lastKnownFileType = sourcecode.swift; path = Enum.swift; sourceTree = "<group>"; };
		14375D6027122BE600260DE9 /* HomeView.swift */ = {isa = PBXFileReference; lastKnownFileType = sourcecode.swift; path = HomeView.swift; sourceTree = "<group>"; };
		14375D6227122FAD00260DE9 /* FlexibleTagView.swift */ = {isa = PBXFileReference; lastKnownFileType = sourcecode.swift; path = FlexibleTagView.swift; sourceTree = "<group>"; };
		14375D642712306100260DE9 /* AFlexibleView.swift */ = {isa = PBXFileReference; lastKnownFileType = sourcecode.swift; path = AFlexibleView.swift; sourceTree = "<group>"; };
		14375D66271230A600260DE9 /* SizeReader.swift */ = {isa = PBXFileReference; lastKnownFileType = sourcecode.swift; path = SizeReader.swift; sourceTree = "<group>"; };
		1447835327600B800025C1B1 /* LayoutMetrics.swift */ = {isa = PBXFileReference; lastKnownFileType = sourcecode.swift; path = LayoutMetrics.swift; sourceTree = "<group>"; };
		144C9DEA275F8A5A00E8C91C /* Fonts.swift */ = {isa = PBXFileReference; lastKnownFileType = sourcecode.swift; path = Fonts.swift; sourceTree = "<group>"; };
		145DD8E7275E3E6600AF3FE8 /* Info.plist */ = {isa = PBXFileReference; fileEncoding = 4; lastKnownFileType = text.plist.xml; path = Info.plist; sourceTree = "<group>"; };
		14812AAE27133683000C298D /* JSONInteractionViewModel.swift */ = {isa = PBXFileReference; lastKnownFileType = sourcecode.swift; path = JSONInteractionViewModel.swift; sourceTree = "<group>"; };
		148D76F8275E607100BF772E /* Base */ = {isa = PBXFileReference; lastKnownFileType = text.plist.strings; name = Base; path = Base.lproj/Localizable.strings; sourceTree = "<group>"; };
		148D76FE275E615F00BF772E /* Localizable.swift */ = {isa = PBXFileReference; fileEncoding = 4; lastKnownFileType = sourcecode.swift; path = Localizable.swift; sourceTree = "<group>"; };
		14C5F70F275F986A00E16E3A /* pt-BR */ = {isa = PBXFileReference; lastKnownFileType = text.plist.strings; name = "pt-BR"; path = "pt-BR.lproj/Localizable.strings"; sourceTree = "<group>"; };
		14CB230E2760470300833087 /* Style.swift */ = {isa = PBXFileReference; lastKnownFileType = sourcecode.swift; path = Style.swift; sourceTree = "<group>"; };
		14D6A596271073E400195697 /* DetailCombinationView.swift */ = {isa = PBXFileReference; lastKnownFileType = sourcecode.swift; path = DetailCombinationView.swift; sourceTree = "<group>"; };
		14FFE4D2270F88C300B1AA02 /* TripCheck.app */ = {isa = PBXFileReference; explicitFileType = wrapper.application; includeInIndex = 0; path = TripCheck.app; sourceTree = BUILT_PRODUCTS_DIR; };
		14FFE4D5270F88C300B1AA02 /* AppLauncher.swift */ = {isa = PBXFileReference; lastKnownFileType = sourcecode.swift; path = AppLauncher.swift; sourceTree = "<group>"; };
		14FFE4D7270F88C300B1AA02 /* Application.swift */ = {isa = PBXFileReference; lastKnownFileType = sourcecode.swift; path = Application.swift; sourceTree = "<group>"; };
		14FFE4D9270F88C600B1AA02 /* Assets.xcassets */ = {isa = PBXFileReference; lastKnownFileType = folder.assetcatalog; path = Assets.xcassets; sourceTree = "<group>"; };
		14FFE4DC270F88C600B1AA02 /* Preview Assets.xcassets */ = {isa = PBXFileReference; lastKnownFileType = folder.assetcatalog; path = "Preview Assets.xcassets"; sourceTree = "<group>"; };
		14FFE4E5270F8B4600B1AA02 /* TagView.swift */ = {isa = PBXFileReference; lastKnownFileType = sourcecode.swift; path = TagView.swift; sourceTree = "<group>"; };
		14FFE4EA270F912100B1AA02 /* TagModifier.swift */ = {isa = PBXFileReference; lastKnownFileType = sourcecode.swift; path = TagModifier.swift; sourceTree = "<group>"; };
		14FFE4EC270F933B00B1AA02 /* CombinationButtonView.swift */ = {isa = PBXFileReference; lastKnownFileType = sourcecode.swift; path = CombinationButtonView.swift; sourceTree = "<group>"; };
		14FFE508270F967D00B1AA02 /* PublicSans-Black.ttf */ = {isa = PBXFileReference; lastKnownFileType = file; path = "PublicSans-Black.ttf"; sourceTree = "<group>"; };
		14FFE509270F967D00B1AA02 /* PublicSans-Medium.ttf */ = {isa = PBXFileReference; lastKnownFileType = file; path = "PublicSans-Medium.ttf"; sourceTree = "<group>"; };
		14FFE50A270F967D00B1AA02 /* PublicSans-SemiBold.ttf */ = {isa = PBXFileReference; lastKnownFileType = file; path = "PublicSans-SemiBold.ttf"; sourceTree = "<group>"; };
		14FFE50B270F967E00B1AA02 /* PublicSans-ExtraBoldItalic.ttf */ = {isa = PBXFileReference; lastKnownFileType = file; path = "PublicSans-ExtraBoldItalic.ttf"; sourceTree = "<group>"; };
		14FFE50C270F967E00B1AA02 /* PublicSans-ExtraBold.ttf */ = {isa = PBXFileReference; lastKnownFileType = file; path = "PublicSans-ExtraBold.ttf"; sourceTree = "<group>"; };
		14FFE50D270F967E00B1AA02 /* PublicSans-ThinItalic.ttf */ = {isa = PBXFileReference; lastKnownFileType = file; path = "PublicSans-ThinItalic.ttf"; sourceTree = "<group>"; };
		14FFE50E270F967E00B1AA02 /* PublicSans-Thin.ttf */ = {isa = PBXFileReference; lastKnownFileType = file; path = "PublicSans-Thin.ttf"; sourceTree = "<group>"; };
		14FFE50F270F967E00B1AA02 /* PublicSans-MediumItalic.ttf */ = {isa = PBXFileReference; lastKnownFileType = file; path = "PublicSans-MediumItalic.ttf"; sourceTree = "<group>"; };
		14FFE510270F967E00B1AA02 /* PublicSans-Regular.ttf */ = {isa = PBXFileReference; lastKnownFileType = file; path = "PublicSans-Regular.ttf"; sourceTree = "<group>"; };
		14FFE511270F967E00B1AA02 /* PublicSans-SemiBoldItalic.ttf */ = {isa = PBXFileReference; lastKnownFileType = file; path = "PublicSans-SemiBoldItalic.ttf"; sourceTree = "<group>"; };
		14FFE512270F967E00B1AA02 /* PublicSans-ExtraLightItalic.ttf */ = {isa = PBXFileReference; lastKnownFileType = file; path = "PublicSans-ExtraLightItalic.ttf"; sourceTree = "<group>"; };
		14FFE513270F967E00B1AA02 /* PublicSans-Bold.ttf */ = {isa = PBXFileReference; lastKnownFileType = file; path = "PublicSans-Bold.ttf"; sourceTree = "<group>"; };
		14FFE514270F967E00B1AA02 /* PublicSans-BlackItalic.ttf */ = {isa = PBXFileReference; lastKnownFileType = file; path = "PublicSans-BlackItalic.ttf"; sourceTree = "<group>"; };
		14FFE515270F967E00B1AA02 /* PublicSans-Light.ttf */ = {isa = PBXFileReference; lastKnownFileType = file; path = "PublicSans-Light.ttf"; sourceTree = "<group>"; };
		14FFE516270F967E00B1AA02 /* PublicSans-ExtraLight.ttf */ = {isa = PBXFileReference; lastKnownFileType = file; path = "PublicSans-ExtraLight.ttf"; sourceTree = "<group>"; };
		14FFE517270F967E00B1AA02 /* PublicSans-LightItalic.ttf */ = {isa = PBXFileReference; lastKnownFileType = file; path = "PublicSans-LightItalic.ttf"; sourceTree = "<group>"; };
		14FFE518270F967E00B1AA02 /* PublicSans-BoldItalic.ttf */ = {isa = PBXFileReference; lastKnownFileType = file; path = "PublicSans-BoldItalic.ttf"; sourceTree = "<group>"; };
		14FFE519270F967F00B1AA02 /* PublicSans-Italic.ttf */ = {isa = PBXFileReference; lastKnownFileType = file; path = "PublicSans-Italic.ttf"; sourceTree = "<group>"; };
		14FFE52E270F9A7100B1AA02 /* Extensions.swift */ = {isa = PBXFileReference; lastKnownFileType = sourcecode.swift; path = Extensions.swift; sourceTree = "<group>"; };
		38231D716393C21382840E95 /* Pods-TripCheck.release.xcconfig */ = {isa = PBXFileReference; includeInIndex = 1; lastKnownFileType = text.xcconfig; name = "Pods-TripCheck.release.xcconfig"; path = "Target Support Files/Pods-TripCheck/Pods-TripCheck.release.xcconfig"; sourceTree = "<group>"; };
		40F5EEEFB25D857C00240AE4 /* Pods-TripCheck.debug.xcconfig */ = {isa = PBXFileReference; includeInIndex = 1; lastKnownFileType = text.xcconfig; name = "Pods-TripCheck.debug.xcconfig"; path = "Target Support Files/Pods-TripCheck/Pods-TripCheck.debug.xcconfig"; sourceTree = "<group>"; };
		9D7657CFF33EBA8A16CBDFF9 /* Pods_TripCheck.framework */ = {isa = PBXFileReference; explicitFileType = wrapper.framework; includeInIndex = 0; path = Pods_TripCheck.framework; sourceTree = BUILT_PRODUCTS_DIR; };
/* End PBXFileReference section */

/* Begin PBXFrameworksBuildPhase section */
		14FFE4CF270F88C300B1AA02 /* Frameworks */ = {
			isa = PBXFrameworksBuildPhase;
			buildActionMask = 2147483647;
			files = (
				394CF7656F87F0C654CCE80D /* Pods_TripCheck.framework in Frameworks */,
			);
			runOnlyForDeploymentPostprocessing = 0;
		};
/* End PBXFrameworksBuildPhase section */

/* Begin PBXGroup section */
		142EEA01275FF59A00F9C553 /* Home */ = {
			isa = PBXGroup;
			children = (
				142EEA05275FF62000F9C553 /* Model */,
				142EEA02275FF5FD00F9C553 /* Presenter */,
			);
			path = Home;
			sourceTree = "<group>";
		};
		142EEA02275FF5FD00F9C553 /* Presenter */ = {
			isa = PBXGroup;
			children = (
				14375D6027122BE600260DE9 /* HomeView.swift */,
				142EEA03275FF61500F9C553 /* HomeViewModel.swift */,
			);
			path = Presenter;
			sourceTree = "<group>";
		};
		142EEA05275FF62000F9C553 /* Model */ = {
			isa = PBXGroup;
			children = (
			);
			path = Model;
			sourceTree = "<group>";
		};
		145DD8EC275E4A8700AF3FE8 /* Resources */ = {
			isa = PBXGroup;
			children = (
				148D76F7275E607100BF772E /* Localizable.strings */,
				14FFE4D9270F88C600B1AA02 /* Assets.xcassets */,
				14FFE4EE270F946100B1AA02 /* Fonts */,
				14FFE4DB270F88C600B1AA02 /* Preview Content */,
				148D76FD275E610A00BF772E /* Generated */,
				1447835327600B800025C1B1 /* LayoutMetrics.swift */,
				14CB230E2760470300833087 /* Style.swift */,
			);
			path = Resources;
			sourceTree = "<group>";
		};
		145DD8ED275E4B0900AF3FE8 /* Sources */ = {
			isa = PBXGroup;
			children = (
				148D76EA275E4C1900BF772E /* Common */,
				145DD8EE275E4B1D00AF3FE8 /* Application */,
				148D76EC275E4D2A00BF772E /* Services */,
				148D76ED275E4D8800BF772E /* Scenes */,
			);
			path = Sources;
			sourceTree = "<group>";
		};
		145DD8EE275E4B1D00AF3FE8 /* Application */ = {
			isa = PBXGroup;
			children = (
				14FFE4D5270F88C300B1AA02 /* AppLauncher.swift */,
				14FFE4D7270F88C300B1AA02 /* Application.swift */,
				142EEA06275FF77F00F9C553 /* AppDelegate.swift */,
			);
			path = Application;
			sourceTree = "<group>";
		};
		14812AAD271335DA000C298D /* ViewModel */ = {
			isa = PBXGroup;
			children = (
				14812AAE27133683000C298D /* JSONInteractionViewModel.swift */,
			);
			path = ViewModel;
			sourceTree = "<group>";
		};
		148D76EA275E4C1900BF772E /* Common */ = {
			isa = PBXGroup;
			children = (
				14FFE52E270F9A7100B1AA02 /* Extensions.swift */,
				148D76EB275E4D0800BF772E /* UI */,
			);
			path = Common;
			sourceTree = "<group>";
		};
		148D76EB275E4D0800BF772E /* UI */ = {
			isa = PBXGroup;
			children = (
				14FFE4E7270F8D4700B1AA02 /* Modifiers */,
			);
			path = UI;
			sourceTree = "<group>";
		};
		148D76EC275E4D2A00BF772E /* Services */ = {
			isa = PBXGroup;
			children = (
			);
			path = Services;
			sourceTree = "<group>";
		};
		148D76ED275E4D8800BF772E /* Scenes */ = {
			isa = PBXGroup;
			children = (
				142EEA01275FF59A00F9C553 /* Home */,
				14FFE4E4270F8AED00B1AA02 /* Views */,
			);
			path = Scenes;
			sourceTree = "<group>";
		};
		148D76FD275E610A00BF772E /* Generated */ = {
			isa = PBXGroup;
			children = (
				148D76FE275E615F00BF772E /* Localizable.swift */,
				144C9DEA275F8A5A00E8C91C /* Fonts.swift */,
				14126BF7275FE539009ADEC7 /* Assets.swift */,
			);
			name = Generated;
			path = ../Generated;
			sourceTree = "<group>";
		};
		14FFE4C9270F88C300B1AA02 = {
			isa = PBXGroup;
			children = (
				14FFE4D4270F88C300B1AA02 /* TripCheck */,
				14FFE4D3270F88C300B1AA02 /* Products */,
				BBB72CDF376DF7F8F92D904B /* Pods */,
				612CD03F7A3F0E953F19DEDE /* Frameworks */,
			);
			sourceTree = "<group>";
		};
		14FFE4D3270F88C300B1AA02 /* Products */ = {
			isa = PBXGroup;
			children = (
				14FFE4D2270F88C300B1AA02 /* TripCheck.app */,
			);
			name = Products;
			sourceTree = "<group>";
		};
		14FFE4D4270F88C300B1AA02 /* TripCheck */ = {
			isa = PBXGroup;
			children = (
				145DD8EC275E4A8700AF3FE8 /* Resources */,
				145DD8ED275E4B0900AF3FE8 /* Sources */,
				145DD8E7275E3E6600AF3FE8 /* Info.plist */,
				14FFE4E3270F8AE600B1AA02 /* Models */,
				14812AAD271335DA000C298D /* ViewModel */,
			);
			path = TripCheck;
			sourceTree = "<group>";
		};
		14FFE4DB270F88C600B1AA02 /* Preview Content */ = {
			isa = PBXGroup;
			children = (
				14FFE4DC270F88C600B1AA02 /* Preview Assets.xcassets */,
			);
			path = "Preview Content";
			sourceTree = "<group>";
		};
		14FFE4E3270F8AE600B1AA02 /* Models */ = {
			isa = PBXGroup;
			children = (
				14375D5E2711FAEB00260DE9 /* Enum.swift */,
				140E06722715D30F007B9022 /* InteractionModel.swift */,
			);
			path = Models;
			sourceTree = "<group>";
		};
		14FFE4E4270F8AED00B1AA02 /* Views */ = {
			isa = PBXGroup;
			children = (
				14D6A596271073E400195697 /* DetailCombinationView.swift */,
				14FFE4EC270F933B00B1AA02 /* CombinationButtonView.swift */,
				14FFE4E5270F8B4600B1AA02 /* TagView.swift */,
				14375D6227122FAD00260DE9 /* FlexibleTagView.swift */,
				14375D642712306100260DE9 /* AFlexibleView.swift */,
				14375D66271230A600260DE9 /* SizeReader.swift */,
			);
			path = Views;
			sourceTree = "<group>";
		};
		14FFE4E7270F8D4700B1AA02 /* Modifiers */ = {
			isa = PBXGroup;
			children = (
				14FFE4EA270F912100B1AA02 /* TagModifier.swift */,
			);
			path = Modifiers;
			sourceTree = "<group>";
		};
		14FFE4EE270F946100B1AA02 /* Fonts */ = {
			isa = PBXGroup;
			children = (
				14FFE508270F967D00B1AA02 /* PublicSans-Black.ttf */,
				14FFE514270F967E00B1AA02 /* PublicSans-BlackItalic.ttf */,
				14FFE513270F967E00B1AA02 /* PublicSans-Bold.ttf */,
				14FFE518270F967E00B1AA02 /* PublicSans-BoldItalic.ttf */,
				14FFE50C270F967E00B1AA02 /* PublicSans-ExtraBold.ttf */,
				14FFE50B270F967E00B1AA02 /* PublicSans-ExtraBoldItalic.ttf */,
				14FFE516270F967E00B1AA02 /* PublicSans-ExtraLight.ttf */,
				14FFE512270F967E00B1AA02 /* PublicSans-ExtraLightItalic.ttf */,
				14FFE519270F967F00B1AA02 /* PublicSans-Italic.ttf */,
				14FFE515270F967E00B1AA02 /* PublicSans-Light.ttf */,
				14FFE517270F967E00B1AA02 /* PublicSans-LightItalic.ttf */,
				14FFE509270F967D00B1AA02 /* PublicSans-Medium.ttf */,
				14FFE50F270F967E00B1AA02 /* PublicSans-MediumItalic.ttf */,
				14FFE510270F967E00B1AA02 /* PublicSans-Regular.ttf */,
				14FFE50A270F967D00B1AA02 /* PublicSans-SemiBold.ttf */,
				14FFE511270F967E00B1AA02 /* PublicSans-SemiBoldItalic.ttf */,
				14FFE50E270F967E00B1AA02 /* PublicSans-Thin.ttf */,
				14FFE50D270F967E00B1AA02 /* PublicSans-ThinItalic.ttf */,
			);
			path = Fonts;
			sourceTree = "<group>";
		};
		612CD03F7A3F0E953F19DEDE /* Frameworks */ = {
			isa = PBXGroup;
			children = (
				9D7657CFF33EBA8A16CBDFF9 /* Pods_TripCheck.framework */,
			);
			name = Frameworks;
			sourceTree = "<group>";
		};
		BBB72CDF376DF7F8F92D904B /* Pods */ = {
			isa = PBXGroup;
			children = (
				40F5EEEFB25D857C00240AE4 /* Pods-TripCheck.debug.xcconfig */,
				38231D716393C21382840E95 /* Pods-TripCheck.release.xcconfig */,
			);
			path = Pods;
			sourceTree = "<group>";
		};
/* End PBXGroup section */

/* Begin PBXNativeTarget section */
		14FFE4D1270F88C300B1AA02 /* TripCheck */ = {
			isa = PBXNativeTarget;
			buildConfigurationList = 14FFE4E0270F88C600B1AA02 /* Build configuration list for PBXNativeTarget "TripCheck" */;
			buildPhases = (
				CD47F82154DF574C16D252DF /* [CP] Check Pods Manifest.lock */,
				14126BF6275FDBD0009ADEC7 /* SwiftLint */,
				148D76F0275E521300BF772E /* SwiftGen */,
				14FFE4CE270F88C300B1AA02 /* Sources */,
				14FFE4CF270F88C300B1AA02 /* Frameworks */,
				14FFE4D0270F88C300B1AA02 /* Resources */,
			);
			buildRules = (
			);
			dependencies = (
			);
			name = TripCheck;
			productName = CrashChallenge4;
			productReference = 14FFE4D2270F88C300B1AA02 /* TripCheck.app */;
			productType = "com.apple.product-type.application";
		};
/* End PBXNativeTarget section */

/* Begin PBXProject section */
		14FFE4CA270F88C300B1AA02 /* Project object */ = {
			isa = PBXProject;
			attributes = {
				BuildIndependentTargetsInParallel = 1;
				LastSwiftUpdateCheck = 1300;
				LastUpgradeCheck = 1310;
				TargetAttributes = {
					14FFE4D1270F88C300B1AA02 = {
						CreatedOnToolsVersion = 13.0;
					};
				};
			};
			buildConfigurationList = 14FFE4CD270F88C300B1AA02 /* Build configuration list for PBXProject "TripCheck" */;
			compatibilityVersion = "Xcode 13.0";
			developmentRegion = en;
			hasScannedForEncodings = 0;
			knownRegions = (
				en,
				Base,
				"pt-BR",
			);
			mainGroup = 14FFE4C9270F88C300B1AA02;
			productRefGroup = 14FFE4D3270F88C300B1AA02 /* Products */;
			projectDirPath = "";
			projectRoot = "";
			targets = (
				14FFE4D1270F88C300B1AA02 /* TripCheck */,
			);
		};
/* End PBXProject section */

/* Begin PBXResourcesBuildPhase section */
		14FFE4D0270F88C300B1AA02 /* Resources */ = {
			isa = PBXResourcesBuildPhase;
			buildActionMask = 2147483647;
			files = (
				14FFE51E270F967F00B1AA02 /* PublicSans-ExtraBold.ttf in Resources */,
				14FFE4DD270F88C600B1AA02 /* Preview Assets.xcassets in Resources */,
				14FFE522270F967F00B1AA02 /* PublicSans-Regular.ttf in Resources */,
				14FFE525270F967F00B1AA02 /* PublicSans-Bold.ttf in Resources */,
				14FFE51C270F967F00B1AA02 /* PublicSans-SemiBold.ttf in Resources */,
				14FFE52A270F967F00B1AA02 /* PublicSans-BoldItalic.ttf in Resources */,
				14FFE51A270F967F00B1AA02 /* PublicSans-Black.ttf in Resources */,
				14FFE4DA270F88C600B1AA02 /* Assets.xcassets in Resources */,
				14FFE529270F967F00B1AA02 /* PublicSans-LightItalic.ttf in Resources */,
				14FFE521270F967F00B1AA02 /* PublicSans-MediumItalic.ttf in Resources */,
				14FFE51D270F967F00B1AA02 /* PublicSans-ExtraBoldItalic.ttf in Resources */,
				14FFE527270F967F00B1AA02 /* PublicSans-Light.ttf in Resources */,
				148D76F9275E607100BF772E /* Localizable.strings in Resources */,
				14FFE52B270F967F00B1AA02 /* PublicSans-Italic.ttf in Resources */,
				14FFE528270F967F00B1AA02 /* PublicSans-ExtraLight.ttf in Resources */,
				14FFE51B270F967F00B1AA02 /* PublicSans-Medium.ttf in Resources */,
				14FFE51F270F967F00B1AA02 /* PublicSans-ThinItalic.ttf in Resources */,
				14FFE524270F967F00B1AA02 /* PublicSans-ExtraLightItalic.ttf in Resources */,
				14FFE520270F967F00B1AA02 /* PublicSans-Thin.ttf in Resources */,
				14FFE526270F967F00B1AA02 /* PublicSans-BlackItalic.ttf in Resources */,
				14FFE523270F967F00B1AA02 /* PublicSans-SemiBoldItalic.ttf in Resources */,
			);
			runOnlyForDeploymentPostprocessing = 0;
		};
/* End PBXResourcesBuildPhase section */

/* Begin PBXShellScriptBuildPhase section */
		14126BF6275FDBD0009ADEC7 /* SwiftLint */ = {
			isa = PBXShellScriptBuildPhase;
			buildActionMask = 2147483647;
			files = (
			);
			inputFileListPaths = (
			);
			inputPaths = (
			);
			name = SwiftLint;
			outputFileListPaths = (
			);
			outputPaths = (
			);
			runOnlyForDeploymentPostprocessing = 0;
			shellPath = /bin/sh;
			shellScript = "\"${PODS_ROOT}/SwiftLint/swiftlint\" --config ../Config/swiftlint.yml\n";
		};
		148D76F0275E521300BF772E /* SwiftGen */ = {
			isa = PBXShellScriptBuildPhase;
			buildActionMask = 2147483647;
			files = (
			);
			inputFileListPaths = (
			);
			inputPaths = (
			);
			name = SwiftGen;
			outputFileListPaths = (
			);
			outputPaths = (
			);
			runOnlyForDeploymentPostprocessing = 0;
			shellPath = /bin/sh;
			shellScript = "\"${PODS_ROOT}/SwiftGen/bin/swiftgen\" config run --config ../Config/swiftgen.yml\n\n";
		};
		CD47F82154DF574C16D252DF /* [CP] Check Pods Manifest.lock */ = {
			isa = PBXShellScriptBuildPhase;
			buildActionMask = 2147483647;
			files = (
			);
			inputFileListPaths = (
			);
			inputPaths = (
				"${PODS_PODFILE_DIR_PATH}/Podfile.lock",
				"${PODS_ROOT}/Manifest.lock",
			);
			name = "[CP] Check Pods Manifest.lock";
			outputFileListPaths = (
			);
			outputPaths = (
				"$(DERIVED_FILE_DIR)/Pods-TripCheck-checkManifestLockResult.txt",
			);
			runOnlyForDeploymentPostprocessing = 0;
			shellPath = /bin/sh;
			shellScript = "diff \"${PODS_PODFILE_DIR_PATH}/Podfile.lock\" \"${PODS_ROOT}/Manifest.lock\" > /dev/null\nif [ $? != 0 ] ; then\n    # print error to STDERR\n    echo \"error: The sandbox is not in sync with the Podfile.lock. Run 'pod install' or update your CocoaPods installation.\" >&2\n    exit 1\nfi\n# This output is used by Xcode 'outputs' to avoid re-running this script phase.\necho \"SUCCESS\" > \"${SCRIPT_OUTPUT_FILE_0}\"\n";
			showEnvVarsInLog = 0;
		};
/* End PBXShellScriptBuildPhase section */

/* Begin PBXSourcesBuildPhase section */
		14FFE4CE270F88C300B1AA02 /* Sources */ = {
			isa = PBXSourcesBuildPhase;
			buildActionMask = 2147483647;
			files = (
				14FFE4EB270F912100B1AA02 /* TagModifier.swift in Sources */,
				14375D6127122BE600260DE9 /* HomeView.swift in Sources */,
				142EEA07275FF77F00F9C553 /* AppDelegate.swift in Sources */,
				140E06732715D30F007B9022 /* InteractionModel.swift in Sources */,
				14375D5F2711FAEB00260DE9 /* Enum.swift in Sources */,
				142EEA04275FF61500F9C553 /* HomeViewModel.swift in Sources */,
				1447835427600B800025C1B1 /* LayoutMetrics.swift in Sources */,
				14FFE4D8270F88C300B1AA02 /* Application.swift in Sources */,
				14FFE4ED270F933B00B1AA02 /* CombinationButtonView.swift in Sources */,
				144C9DEB275F8A5A00E8C91C /* Fonts.swift in Sources */,
				14126BF8275FE539009ADEC7 /* Assets.swift in Sources */,
				14FFE4D6270F88C300B1AA02 /* AppLauncher.swift in Sources */,
				14375D67271230A600260DE9 /* SizeReader.swift in Sources */,
				14FFE4E6270F8B4600B1AA02 /* TagView.swift in Sources */,
				14812AAF27133683000C298D /* JSONInteractionViewModel.swift in Sources */,
				14375D6327122FAD00260DE9 /* FlexibleTagView.swift in Sources */,
				14FFE52F270F9A7100B1AA02 /* Extensions.swift in Sources */,
				14D6A597271073E400195697 /* DetailCombinationView.swift in Sources */,
				148D76FF275E615F00BF772E /* Localizable.swift in Sources */,
				14375D652712306100260DE9 /* AFlexibleView.swift in Sources */,
				14CB230F2760470300833087 /* Style.swift in Sources */,
			);
			runOnlyForDeploymentPostprocessing = 0;
		};
/* End PBXSourcesBuildPhase section */

/* Begin PBXVariantGroup section */
		148D76F7275E607100BF772E /* Localizable.strings */ = {
			isa = PBXVariantGroup;
			children = (
				148D76F8275E607100BF772E /* Base */,
				14C5F70F275F986A00E16E3A /* pt-BR */,
			);
			name = Localizable.strings;
			sourceTree = "<group>";
		};
/* End PBXVariantGroup section */

/* Begin XCBuildConfiguration section */
		14FFE4DE270F88C600B1AA02 /* Debug */ = {
			isa = XCBuildConfiguration;
			buildSettings = {
				ALWAYS_SEARCH_USER_PATHS = NO;
				CLANG_ANALYZER_LOCALIZABILITY_NONLOCALIZED = YES;
				CLANG_ANALYZER_NONNULL = YES;
				CLANG_ANALYZER_NUMBER_OBJECT_CONVERSION = YES_AGGRESSIVE;
				CLANG_CXX_LANGUAGE_STANDARD = "gnu++17";
				CLANG_CXX_LIBRARY = "libc++";
				CLANG_ENABLE_MODULES = YES;
				CLANG_ENABLE_OBJC_ARC = YES;
				CLANG_ENABLE_OBJC_WEAK = YES;
				CLANG_WARN_BLOCK_CAPTURE_AUTORELEASING = YES;
				CLANG_WARN_BOOL_CONVERSION = YES;
				CLANG_WARN_COMMA = YES;
				CLANG_WARN_CONSTANT_CONVERSION = YES;
				CLANG_WARN_DEPRECATED_OBJC_IMPLEMENTATIONS = YES;
				CLANG_WARN_DIRECT_OBJC_ISA_USAGE = YES_ERROR;
				CLANG_WARN_DOCUMENTATION_COMMENTS = YES;
				CLANG_WARN_EMPTY_BODY = YES;
				CLANG_WARN_ENUM_CONVERSION = YES;
				CLANG_WARN_INFINITE_RECURSION = YES;
				CLANG_WARN_INT_CONVERSION = YES;
				CLANG_WARN_NON_LITERAL_NULL_CONVERSION = YES;
				CLANG_WARN_OBJC_IMPLICIT_RETAIN_SELF = YES;
				CLANG_WARN_OBJC_LITERAL_CONVERSION = YES;
				CLANG_WARN_OBJC_ROOT_CLASS = YES_ERROR;
				CLANG_WARN_QUOTED_INCLUDE_IN_FRAMEWORK_HEADER = YES;
				CLANG_WARN_RANGE_LOOP_ANALYSIS = YES;
				CLANG_WARN_STRICT_PROTOTYPES = YES;
				CLANG_WARN_SUSPICIOUS_MOVE = YES;
				CLANG_WARN_UNGUARDED_AVAILABILITY = YES_AGGRESSIVE;
				CLANG_WARN_UNREACHABLE_CODE = YES;
				CLANG_WARN__DUPLICATE_METHOD_MATCH = YES;
				COPY_PHASE_STRIP = NO;
				DEBUG_INFORMATION_FORMAT = dwarf;
				ENABLE_STRICT_OBJC_MSGSEND = YES;
				ENABLE_TESTABILITY = YES;
				GCC_C_LANGUAGE_STANDARD = gnu11;
				GCC_DYNAMIC_NO_PIC = NO;
				GCC_NO_COMMON_BLOCKS = YES;
				GCC_OPTIMIZATION_LEVEL = 0;
				GCC_PREPROCESSOR_DEFINITIONS = (
					"DEBUG=1",
					"$(inherited)",
				);
				GCC_WARN_64_TO_32_BIT_CONVERSION = YES;
				GCC_WARN_ABOUT_RETURN_TYPE = YES_ERROR;
				GCC_WARN_UNDECLARED_SELECTOR = YES;
				GCC_WARN_UNINITIALIZED_AUTOS = YES_AGGRESSIVE;
				GCC_WARN_UNUSED_FUNCTION = YES;
				GCC_WARN_UNUSED_VARIABLE = YES;
				IPHONEOS_DEPLOYMENT_TARGET = 15.0;
				MTL_ENABLE_DEBUG_INFO = INCLUDE_SOURCE;
				MTL_FAST_MATH = YES;
				ONLY_ACTIVE_ARCH = YES;
				SDKROOT = iphoneos;
				SWIFT_ACTIVE_COMPILATION_CONDITIONS = DEBUG;
				SWIFT_OPTIMIZATION_LEVEL = "-Onone";
			};
			name = Debug;
		};
		14FFE4DF270F88C600B1AA02 /* Release */ = {
			isa = XCBuildConfiguration;
			buildSettings = {
				ALWAYS_SEARCH_USER_PATHS = NO;
				CLANG_ANALYZER_LOCALIZABILITY_NONLOCALIZED = YES;
				CLANG_ANALYZER_NONNULL = YES;
				CLANG_ANALYZER_NUMBER_OBJECT_CONVERSION = YES_AGGRESSIVE;
				CLANG_CXX_LANGUAGE_STANDARD = "gnu++17";
				CLANG_CXX_LIBRARY = "libc++";
				CLANG_ENABLE_MODULES = YES;
				CLANG_ENABLE_OBJC_ARC = YES;
				CLANG_ENABLE_OBJC_WEAK = YES;
				CLANG_WARN_BLOCK_CAPTURE_AUTORELEASING = YES;
				CLANG_WARN_BOOL_CONVERSION = YES;
				CLANG_WARN_COMMA = YES;
				CLANG_WARN_CONSTANT_CONVERSION = YES;
				CLANG_WARN_DEPRECATED_OBJC_IMPLEMENTATIONS = YES;
				CLANG_WARN_DIRECT_OBJC_ISA_USAGE = YES_ERROR;
				CLANG_WARN_DOCUMENTATION_COMMENTS = YES;
				CLANG_WARN_EMPTY_BODY = YES;
				CLANG_WARN_ENUM_CONVERSION = YES;
				CLANG_WARN_INFINITE_RECURSION = YES;
				CLANG_WARN_INT_CONVERSION = YES;
				CLANG_WARN_NON_LITERAL_NULL_CONVERSION = YES;
				CLANG_WARN_OBJC_IMPLICIT_RETAIN_SELF = YES;
				CLANG_WARN_OBJC_LITERAL_CONVERSION = YES;
				CLANG_WARN_OBJC_ROOT_CLASS = YES_ERROR;
				CLANG_WARN_QUOTED_INCLUDE_IN_FRAMEWORK_HEADER = YES;
				CLANG_WARN_RANGE_LOOP_ANALYSIS = YES;
				CLANG_WARN_STRICT_PROTOTYPES = YES;
				CLANG_WARN_SUSPICIOUS_MOVE = YES;
				CLANG_WARN_UNGUARDED_AVAILABILITY = YES_AGGRESSIVE;
				CLANG_WARN_UNREACHABLE_CODE = YES;
				CLANG_WARN__DUPLICATE_METHOD_MATCH = YES;
				COPY_PHASE_STRIP = NO;
				DEBUG_INFORMATION_FORMAT = "dwarf-with-dsym";
				ENABLE_NS_ASSERTIONS = NO;
				ENABLE_STRICT_OBJC_MSGSEND = YES;
				GCC_C_LANGUAGE_STANDARD = gnu11;
				GCC_NO_COMMON_BLOCKS = YES;
				GCC_WARN_64_TO_32_BIT_CONVERSION = YES;
				GCC_WARN_ABOUT_RETURN_TYPE = YES_ERROR;
				GCC_WARN_UNDECLARED_SELECTOR = YES;
				GCC_WARN_UNINITIALIZED_AUTOS = YES_AGGRESSIVE;
				GCC_WARN_UNUSED_FUNCTION = YES;
				GCC_WARN_UNUSED_VARIABLE = YES;
				IPHONEOS_DEPLOYMENT_TARGET = 15.0;
				MTL_ENABLE_DEBUG_INFO = NO;
				MTL_FAST_MATH = YES;
				SDKROOT = iphoneos;
				SWIFT_COMPILATION_MODE = wholemodule;
				SWIFT_OPTIMIZATION_LEVEL = "-O";
				VALIDATE_PRODUCT = YES;
			};
			name = Release;
		};
		14FFE4E1270F88C600B1AA02 /* Debug */ = {
			isa = XCBuildConfiguration;
			baseConfigurationReference = 40F5EEEFB25D857C00240AE4 /* Pods-TripCheck.debug.xcconfig */;
			buildSettings = {
				ASSETCATALOG_COMPILER_APPICON_NAME = AppIcon;
				ASSETCATALOG_COMPILER_GLOBAL_ACCENT_COLOR_NAME = AccentColor;
				CODE_SIGN_STYLE = Automatic;
				CURRENT_PROJECT_VERSION = 1;
				DEVELOPMENT_ASSET_PATHS = "\"TripCheck/Resources/Preview Content\"";
				DEVELOPMENT_TEAM = 4957F54262;
				ENABLE_PREVIEWS = YES;
				GENERATE_INFOPLIST_FILE = YES;
				"INFOPLIST_FILE[sdk=*]" = /Users/erosmaurilio/Documents/CrashChallenge4/App/TripCheck/info.plist;
				INFOPLIST_KEY_UIApplicationSceneManifest_Generation = YES;
				INFOPLIST_KEY_UIApplicationSupportsIndirectInputEvents = YES;
				INFOPLIST_KEY_UILaunchScreen_Generation = YES;
				INFOPLIST_KEY_UISupportedInterfaceOrientations_iPad = "UIInterfaceOrientationPortrait UIInterfaceOrientationPortraitUpsideDown UIInterfaceOrientationLandscapeLeft UIInterfaceOrientationLandscapeRight";
				INFOPLIST_KEY_UISupportedInterfaceOrientations_iPhone = "UIInterfaceOrientationPortrait UIInterfaceOrientationLandscapeLeft UIInterfaceOrientationLandscapeRight";
				IPHONEOS_DEPLOYMENT_TARGET = 14.0;
				LD_RUNPATH_SEARCH_PATHS = (
					"$(inherited)",
					"@executable_path/Frameworks",
				);
				MARKETING_VERSION = 1.0;
				PRODUCT_BUNDLE_IDENTIFIER = Eros.learning.2021.CrashChallenge4;
				PRODUCT_NAME = "$(TARGET_NAME)";
				SWIFT_EMIT_LOC_STRINGS = YES;
				SWIFT_VERSION = 5.0;
				TARGETED_DEVICE_FAMILY = "1,2";
			};
			name = Debug;
		};
		14FFE4E2270F88C600B1AA02 /* Release */ = {
			isa = XCBuildConfiguration;
			baseConfigurationReference = 38231D716393C21382840E95 /* Pods-TripCheck.release.xcconfig */;
			buildSettings = {
				ASSETCATALOG_COMPILER_APPICON_NAME = AppIcon;
				ASSETCATALOG_COMPILER_GLOBAL_ACCENT_COLOR_NAME = AccentColor;
				CODE_SIGN_STYLE = Automatic;
				CURRENT_PROJECT_VERSION = 1;
				DEVELOPMENT_ASSET_PATHS = "\"TripCheck/Resources/Preview Content\"";
				DEVELOPMENT_TEAM = 4957F54262;
				ENABLE_PREVIEWS = YES;
				GENERATE_INFOPLIST_FILE = YES;
				"INFOPLIST_FILE[sdk=*]" = /Users/erosmaurilio/Documents/CrashChallenge4/App/TripCheck/info.plist;
				INFOPLIST_KEY_UIApplicationSceneManifest_Generation = YES;
				INFOPLIST_KEY_UIApplicationSupportsIndirectInputEvents = YES;
				INFOPLIST_KEY_UILaunchScreen_Generation = YES;
				INFOPLIST_KEY_UISupportedInterfaceOrientations_iPad = "UIInterfaceOrientationPortrait UIInterfaceOrientationPortraitUpsideDown UIInterfaceOrientationLandscapeLeft UIInterfaceOrientationLandscapeRight";
				INFOPLIST_KEY_UISupportedInterfaceOrientations_iPhone = "UIInterfaceOrientationPortrait UIInterfaceOrientationLandscapeLeft UIInterfaceOrientationLandscapeRight";
				IPHONEOS_DEPLOYMENT_TARGET = 14.0;
				LD_RUNPATH_SEARCH_PATHS = (
					"$(inherited)",
					"@executable_path/Frameworks",
				);
				MARKETING_VERSION = 1.0;
				PRODUCT_BUNDLE_IDENTIFIER = Eros.learning.2021.CrashChallenge4;
				PRODUCT_NAME = "$(TARGET_NAME)";
				SWIFT_EMIT_LOC_STRINGS = YES;
				SWIFT_VERSION = 5.0;
				TARGETED_DEVICE_FAMILY = "1,2";
			};
			name = Release;
		};
/* End XCBuildConfiguration section */

/* Begin XCConfigurationList section */
		14FFE4CD270F88C300B1AA02 /* Build configuration list for PBXProject "TripCheck" */ = {
			isa = XCConfigurationList;
			buildConfigurations = (
				14FFE4DE270F88C600B1AA02 /* Debug */,
				14FFE4DF270F88C600B1AA02 /* Release */,
			);
			defaultConfigurationIsVisible = 0;
			defaultConfigurationName = Release;
		};
		14FFE4E0270F88C600B1AA02 /* Build configuration list for PBXNativeTarget "TripCheck" */ = {
			isa = XCConfigurationList;
			buildConfigurations = (
				14FFE4E1270F88C600B1AA02 /* Debug */,
				14FFE4E2270F88C600B1AA02 /* Release */,
			);
			defaultConfigurationIsVisible = 0;
			defaultConfigurationName = Release;
		};
/* End XCConfigurationList section */
	};
	rootObject = 14FFE4CA270F88C300B1AA02 /* Project object */;
}
